
Microsoft Visual Studio Solution File, Format Version 12.00
# Visual Studio Version 17
VisualStudioVersion = 17.10.35013.160
MinimumVisualStudioVersion = 10.0.40219.1
Project("{FAE04EC0-301F-11D3-BF4B-00C04F79EFBC}") = "SummerTraining", "SummerTraining\SummerTraining.csproj", "{CF75F392-A3DC-461F-B742-256D9C1B1F38}"
EndProject
Global
	GlobalSection(SolutionConfigurationPlatforms) = preSolution
		Debug|Any CPU = Debug|Any CPU
		Release|Any CPU = Release|Any CPU
	EndGlobalSection
	GlobalSection(ProjectConfigurationPlatforms) = postSolution
		{CF75F392-A3DC-461F-B742-256D9C1B1F38}.Debug|Any CPU.ActiveCfg = Debug|Any CPU
		{CF75F392-A3DC-461F-B742-256D9C1B1F38}.Debug|Any CPU.Build.0 = Debug|Any CPU
		{CF75F392-A3DC-461F-B742-256D9C1B1F38}.Release|Any CPU.ActiveCfg = Release|Any CPU
		{CF75F392-A3DC-461F-B742-256D9C1B1F38}.Release|Any CPU.Build.0 = Release|Any CPU
	EndGlobalSection
	GlobalSection(SolutionProperties) = preSolution
		HideSolutionNode = FALSE
	EndGlobalSection
	GlobalSection(ExtensibilityGlobals) = postSolution
		SolutionGuid = {2C5895D0-4072-4897-9301-953C75D12010}
	EndGlobalSection
EndGlobal
